{
  "name": "Store",
  "lockfileVersion": 3,
  "requires": true,
  "packages": {
    "": {
      "dependencies": {
        "bootstrap": "^5.3.0-alpha3",
        "list.js": "^2.3.1",
        "sweetalert2": "^11.7.5"
      }
    },
    "node_modules/@popperjs/core": {
      "version": "2.11.7",
      "resolved": "https://registry.npmjs.org/@popperjs/core/-/core-2.11.7.tgz",
      "integrity": "sha512-Cr4OjIkipTtcXKjAsm8agyleBuDHvxzeBoa1v543lbv1YaIwQjESsVcmjiWiPEbC1FIeHOG/Op9kdCmAmiS3Kw==",
      "peer": true,
      "funding": {
        "type": "opencollective",
        "url": "https://opencollective.com/popperjs"
      }
    },
    "node_modules/bootstrap": {
      "version": "5.3.0-alpha3",
      "resolved": "https://registry.npmjs.org/bootstrap/-/bootstrap-5.3.0-alpha3.tgz",
      "integrity": "sha512-FBhOWMxkCFr74hesJdchLXhqagPTXS+kRNU3gE0FR5Ki/AdPSz32Ik96Z28+yBluCnE/pc9st7l1yPwKgbtfSA==",
      "funding": [
        {
          "type": "github",
          "url": "https://github.com/sponsors/twbs"
        },
        {
          "type": "opencollective",
          "url": "https://opencollective.com/bootstrap"
        }
      ],
      "peerDependencies": {
        "@popperjs/core": "^2.11.7"
      }
    },
    "node_modules/list.js": {
      "version": "2.3.1",
      "resolved": "https://registry.npmjs.org/list.js/-/list.js-2.3.1.tgz",
      "integrity": "sha512-jnmm7DYpKtH3DxtO1E2VNCC9Gp7Wrp/FWA2JxQrZUhVJ2RCQBd57pCN6W5w6jpsfWZV0PCAbTX2NOPgyFeeZZg==",
      "dependencies": {
        "string-natural-compare": "^2.0.2"
      },
      "engines": {
        "node": "^6.0 || ^8.0 || ^10.0 || ^12.0 || >=14"
      }
    },
    "node_modules/string-natural-compare": {
      "version": "2.0.3",
      "resolved": "https://registry.npmjs.org/string-natural-compare/-/string-natural-compare-2.0.3.tgz",
      "integrity": "sha512-4Kcl12rNjc+6EKhY8QyDVuQTAlMWwRiNbsxnVwBUKFr7dYPQuXVrtNU4sEkjF9LHY0AY6uVbB3ktbkIH4LC+BQ=="
    },
    "node_modules/sweetalert2": {
      "version": "11.7.5",
      "resolved": "https://registry.npmjs.org/sweetalert2/-/sweetalert2-11.7.5.tgz",
      "integrity": "sha512-RBPKdK8Uf9/bz9r4vy7x6sGqf0MioSXt1po1lAwwcl3AwbjHVTc5S0yud4ZJKU1EhvJFVDrFoqIpHwWERwZJEA==",
      "funding": {
        "type": "individual",
        "url": "https://github.com/sponsors/limonte"
      }
    }
  }
}
